
Microsoft Visual Studio Solution File, Format Version 12.00
# Visual Studio Version 17
VisualStudioVersion = 17.6.33712.159
MinimumVisualStudioVersion = 10.0.40219.1
Project("{9A19103F-16F7-4668-BE54-9A1E7A4F7556}") = "HealingDetailsPlugin", "HealingDetailsPlugin\HealingDetailsPlugin.csproj", "{705AC9F8-C25A-4CD8-90FB-7DA3917FED82}"
EndProject
Project("{9A19103F-16F7-4668-BE54-9A1E7A4F7556}") = "AutoResetActPlugin", "AutoResetActPlugin\AutoResetActPlugin.csproj", "{6BE4A658-EAEA-4F65-876D-DC3799D05777}"
EndProject
Global
	GlobalSection(SolutionConfigurationPlatforms) = preSolution
		Debug|Any CPU = Debug|Any CPU
		Debug|x64 = Debug|x64
		Debug|x86 = Debug|x86
		Release|Any CPU = Release|Any CPU
		Release|x64 = Release|x64
		Release|x86 = Release|x86
	EndGlobalSection
	GlobalSection(ProjectConfigurationPlatforms) = postSolution
		{705AC9F8-C25A-4CD8-90FB-7DA3917FED82}.Debug|Any CPU.ActiveCfg = Debug|x64
		{705AC9F8-C25A-4CD8-90FB-7DA3917FED82}.Debug|x64.ActiveCfg = Debug|x64
		{705AC9F8-C25A-4CD8-90FB-7DA3917FED82}.Debug|x86.ActiveCfg = Debug|x64
		{705AC9F8-C25A-4CD8-90FB-7DA3917FED82}.Debug|x86.Build.0 = Debug|x64
		{705AC9F8-C25A-4CD8-90FB-7DA3917FED82}.Release|Any CPU.ActiveCfg = Release|Any CPU
		{705AC9F8-C25A-4CD8-90FB-7DA3917FED82}.Release|x64.ActiveCfg = Release|x64
		{705AC9F8-C25A-4CD8-90FB-7DA3917FED82}.Release|x86.ActiveCfg = Release|Any CPU
		{705AC9F8-C25A-4CD8-90FB-7DA3917FED82}.Release|x86.Build.0 = Release|Any CPU
		{6BE4A658-EAEA-4F65-876D-DC3799D05777}.Debug|Any CPU.ActiveCfg = Debug|x64
		{6BE4A658-EAEA-4F65-876D-DC3799D05777}.Debug|Any CPU.Build.0 = Debug|x64
		{6BE4A658-EAEA-4F65-876D-DC3799D05777}.Debug|x64.ActiveCfg = Debug|Any CPU
		{6BE4A658-EAEA-4F65-876D-DC3799D05777}.Debug|x64.Build.0 = Debug|Any CPU
		{6BE4A658-EAEA-4F65-876D-DC3799D05777}.Debug|x86.ActiveCfg = Debug|x86
		{6BE4A658-EAEA-4F65-876D-DC3799D05777}.Debug|x86.Build.0 = Debug|x86
		{6BE4A658-EAEA-4F65-876D-DC3799D05777}.Release|Any CPU.ActiveCfg = Release|Any CPU
		{6BE4A658-EAEA-4F65-876D-DC3799D05777}.Release|Any CPU.Build.0 = Release|Any CPU
		{6BE4A658-EAEA-4F65-876D-DC3799D05777}.Release|x64.ActiveCfg = Release|x86
		{6BE4A658-EAEA-4F65-876D-DC3799D05777}.Release|x64.Build.0 = Release|x86
		{6BE4A658-EAEA-4F65-876D-DC3799D05777}.Release|x86.ActiveCfg = Release|x64
		{6BE4A658-EAEA-4F65-876D-DC3799D05777}.Release|x86.Build.0 = Release|x64
	EndGlobalSection
	GlobalSection(SolutionProperties) = preSolution
		HideSolutionNode = FALSE
	EndGlobalSection
	GlobalSection(ExtensibilityGlobals) = postSolution
		SolutionGuid = {4DC2BD24-E42C-4BAA-800F-5F5EB9A932AE}
	EndGlobalSection
EndGlobal
